
Microsoft Visual Studio Solution File, Format Version 12.00
# Visual Studio Version 16
VisualStudioVersion = 16.0.31515.178
MinimumVisualStudioVersion = 10.0.40219.1
Project("{9A19103F-16F7-4668-BE54-9A1E7A4F7556}") = "UserService", "UserService\UserService.csproj", "{A482F942-A586-4287-A31A-63E4B1E64193}"
EndProject
Project("{9A19103F-16F7-4668-BE54-9A1E7A4F7556}") = "PostService", "PostService\PostService.csproj", "{FD719302-62DB-4153-956A-FDFDCF02DBF6}"
EndProject
Project("{2150E333-8FDC-42A3-9474-1A3956D46DE8}") = "files", "files", "{B4886E0C-E0CC-4100-80F1-7C2E3A1106CD}"
	ProjectSection(SolutionItems) = preProject
		README.md = README.md
	EndProjectSection
EndProject
Global
	GlobalSection(SolutionConfigurationPlatforms) = preSolution
		Debug|Any CPU = Debug|Any CPU
		Release|Any CPU = Release|Any CPU
	EndGlobalSection
	GlobalSection(ProjectConfigurationPlatforms) = postSolution
		{A482F942-A586-4287-A31A-63E4B1E64193}.Debug|Any CPU.ActiveCfg = Debug|Any CPU
		{A482F942-A586-4287-A31A-63E4B1E64193}.Debug|Any CPU.Build.0 = Debug|Any CPU
		{A482F942-A586-4287-A31A-63E4B1E64193}.Release|Any CPU.ActiveCfg = Release|Any CPU
		{A482F942-A586-4287-A31A-63E4B1E64193}.Release|Any CPU.Build.0 = Release|Any CPU
		{FD719302-62DB-4153-956A-FDFDCF02DBF6}.Debug|Any CPU.ActiveCfg = Debug|Any CPU
		{FD719302-62DB-4153-956A-FDFDCF02DBF6}.Debug|Any CPU.Build.0 = Debug|Any CPU
		{FD719302-62DB-4153-956A-FDFDCF02DBF6}.Release|Any CPU.ActiveCfg = Release|Any CPU
		{FD719302-62DB-4153-956A-FDFDCF02DBF6}.Release|Any CPU.Build.0 = Release|Any CPU
	EndGlobalSection
	GlobalSection(SolutionProperties) = preSolution
		HideSolutionNode = FALSE
	EndGlobalSection
	GlobalSection(ExtensibilityGlobals) = postSolution
		SolutionGuid = {DC0CC93D-9331-4A07-8A39-7C1BF628B638}
	EndGlobalSection
EndGlobal
